// !$*UTF8*$!
{
	archiveVersion = 1;
	classes = {
	};
	objectVersion = 46;
	objects = {

/* Begin PBXBuildFile section */
		C2AE3D4A1A975426002C3EA7 /* main.m in Sources */ = {isa = PBXBuildFile; fileRef = C2AE3D491A975426002C3EA7 /* main.m */; };
		C2AE3D4D1A975426002C3EA7 /* AppDelegate.m in Sources */ = {isa = PBXBuildFile; fileRef = C2AE3D4C1A975426002C3EA7 /* AppDelegate.m */; };
		C2AE3D501A975426002C3EA7 /* ViewController.m in Sources */ = {isa = PBXBuildFile; fileRef = C2AE3D4F1A975426002C3EA7 /* ViewController.m */; };
		C2AE3D531A975426002C3EA7 /* Main.storyboard in Resources */ = {isa = PBXBuildFile; fileRef = C2AE3D511A975426002C3EA7 /* Main.storyboard */; };
		C2AE3D551A975426002C3EA7 /* Images.xcassets in Resources */ = {isa = PBXBuildFile; fileRef = C2AE3D541A975426002C3EA7 /* Images.xcassets */; };
		C2AE3D581A975426002C3EA7 /* LaunchScreen.xib in Resources */ = {isa = PBXBuildFile; fileRef = C2AE3D561A975426002C3EA7 /* LaunchScreen.xib */; };
		C2AE3D641A975427002C3EA7 /* MKAlertViewTests.m in Sources */ = {isa = PBXBuildFile; fileRef = C2AE3D631A975427002C3EA7 /* MKAlertViewTests.m */; };
/* End PBXBuildFile section */

/* Begin PBXContainerItemProxy section */
		C2AE3D5E1A975427002C3EA7 /* PBXContainerItemProxy */ = {
			isa = PBXContainerItemProxy;
			containerPortal = C2AE3D3C1A975426002C3EA7 /* Project object */;
			proxyType = 1;
			remoteGlobalIDString = C2AE3D431A975426002C3EA7;
			remoteInfo = MKAlertView;
		};
/* End PBXContainerItemProxy section */

/* Begin PBXFileReference section */
		C2AE3D441A975426002C3EA7 /* MKAlertView.app */ = {isa = PBXFileReference; explicitFileType = wrapper.application; includeInIndex = 0; path = MKAlertView.app; sourceTree = BUILT_PRODUCTS_DIR; };
		C2AE3D481A975426002C3EA7 /* Info.plist */ = {isa = PBXFileReference; lastKnownFileType = text.plist.xml; path = Info.plist; sourceTree = "<group>"; };
		C2AE3D491A975426002C3EA7 /* main.m */ = {isa = PBXFileReference; lastKnownFileType = sourcecode.c.objc; path = main.m; sourceTree = "<group>"; };
		C2AE3D4B1A975426002C3EA7 /* AppDelegate.h */ = {isa = PBXFileReference; lastKnownFileType = sourcecode.c.h; path = AppDelegate.h; sourceTree = "<group>"; };
		C2AE3D4C1A975426002C3EA7 /* AppDelegate.m */ = {isa = PBXFileReference; lastKnownFileType = sourcecode.c.objc; path = AppDelegate.m; sourceTree = "<group>"; };
		C2AE3D4E1A975426002C3EA7 /* ViewController.h */ = {isa = PBXFileReference; lastKnownFileType = sourcecode.c.h; path = ViewController.h; sourceTree = "<group>"; };
		C2AE3D4F1A975426002C3EA7 /* ViewController.m */ = {isa = PBXFileReference; lastKnownFileType = sourcecode.c.objc; path = ViewController.m; sourceTree = "<group>"; };
		C2AE3D521A975426002C3EA7 /* Base */ = {isa = PBXFileReference; lastKnownFileType = file.storyboard; name = Base; path = Base.lproj/Main.storyboard; sourceTree = "<group>"; };
		C2AE3D541A975426002C3EA7 /* Images.xcassets */ = {isa = PBXFileReference; lastKnownFileType = folder.assetcatalog; path = Images.xcassets; sourceTree = "<group>"; };
		C2AE3D571A975426002C3EA7 /* Base */ = {isa = PBXFileReference; lastKnownFileType = file.xib; name = Base; path = Base.lproj/LaunchScreen.xib; sourceTree = "<group>"; };
		C2AE3D5D1A975427002C3EA7 /* MKAlertViewTests.xctest */ = {isa = PBXFileReference; explicitFileType = wrapper.cfbundle; includeInIndex = 0; path = MKAlertViewTests.xctest; sourceTree = BUILT_PRODUCTS_DIR; };
		C2AE3D621A975427002C3EA7 /* Info.plist */ = {isa = PBXFileReference; lastKnownFileType = text.plist.xml; path = Info.plist; sourceTree = "<group>"; };
		C2AE3D631A975427002C3EA7 /* MKAlertViewTests.m */ = {isa = PBXFileReference; lastKnownFileType = sourcecode.c.objc; path = MKAlertViewTests.m; sourceTree = "<group>"; };
/* End PBXFileReference section */

/* Begin PBXFrameworksBuildPhase section */
		C2AE3D411A975426002C3EA7 /* Frameworks */ = {
			isa = PBXFrameworksBuildPhase;
			buildActionMask = 2147483647;
			files = (
			);
			runOnlyForDeploymentPostprocessing = 0;
		};
		C2AE3D5A1A975427002C3EA7 /* Frameworks */ = {
			isa = PBXFrameworksBuildPhase;
			buildActionMask = 2147483647;
			files = (
			);
			runOnlyForDeploymentPostprocessing = 0;
		};
/* End PBXFrameworksBuildPhase section */

/* Begin PBXGroup section */
		C2AE3D3B1A975426002C3EA7 = {
			isa = PBXGroup;
			children = (
				C2AE3D461A975426002C3EA7 /* MKAlertView */,
				C2AE3D601A975427002C3EA7 /* MKAlertViewTests */,
				C2AE3D451A975426002C3EA7 /* Products */,
			);
			sourceTree = "<group>";
		};
		C2AE3D451A975426002C3EA7 /* Products */ = {
			isa = PBXGroup;
			children = (
				C2AE3D441A975426002C3EA7 /* MKAlertView.app */,
				C2AE3D5D1A975427002C3EA7 /* MKAlertViewTests.xctest */,
			);
			name = Products;
			sourceTree = "<group>";
		};
		C2AE3D461A975426002C3EA7 /* MKAlertView */ = {
			isa = PBXGroup;
			children = (
				C2AE3D4B1A975426002C3EA7 /* AppDelegate.h */,
				C2AE3D4C1A975426002C3EA7 /* AppDelegate.m */,
				C2AE3D4E1A975426002C3EA7 /* ViewController.h */,
				C2AE3D4F1A975426002C3EA7 /* ViewController.m */,
				C2AE3D511A975426002C3EA7 /* Main.storyboard */,
				C2AE3D541A975426002C3EA7 /* Images.xcassets */,
				C2AE3D561A975426002C3EA7 /* LaunchScreen.xib */,
				C2AE3D471A975426002C3EA7 /* Supporting Files */,
			);
			path = MKAlertView;
			sourceTree = "<group>";
		};
		C2AE3D471A975426002C3EA7 /* Supporting Files */ = {
			isa = PBXGroup;
			children = (
				C2AE3D481A975426002C3EA7 /* Info.plist */,
				C2AE3D491A975426002C3EA7 /* main.m */,
			);
			name = "Supporting Files";
			sourceTree = "<group>";
		};
		C2AE3D601A975427002C3EA7 /* MKAlertViewTests */ = {
			isa = PBXGroup;
			children = (
				C2AE3D631A975427002C3EA7 /* MKAlertViewTests.m */,
				C2AE3D611A975427002C3EA7 /* Supporting Files */,
			);
			path = MKAlertViewTests;
			sourceTree = "<group>";
		};
		C2AE3D611A975427002C3EA7 /* Supporting Files */ = {
			isa = PBXGroup;
			children = (
				C2AE3D621A975427002C3EA7 /* Info.plist */,
			);
			name = "Supporting Files";
			sourceTree = "<group>";
		};
/* End PBXGroup section */

/* Begin PBXNativeTarget section */
		C2AE3D431A975426002C3EA7 /* MKAlertView */ = {
			isa = PBXNativeTarget;
			buildConfigurationList = C2AE3D671A975427002C3EA7 /* Build configuration list for PBXNativeTarget "MKAlertView" */;
			buildPhases = (
				C2AE3D401A975426002C3EA7 /* Sources */,
				C2AE3D411A975426002C3EA7 /* Frameworks */,
				C2AE3D421A975426002C3EA7 /* Resources */,
			);
			buildRules = (
			);
			dependencies = (
			);
			name = MKAlertView;
			productName = MKAlertView;
			productReference = C2AE3D441A975426002C3EA7 /* MKAlertView.app */;
			productType = "com.apple.product-type.application";
		};
		C2AE3D5C1A975427002C3EA7 /* MKAlertViewTests */ = {
			isa = PBXNativeTarget;
			buildConfigurationList = C2AE3D6A1A975427002C3EA7 /* Build configuration list for PBXNativeTarget "MKAlertViewTests" */;
			buildPhases = (
				C2AE3D591A975427002C3EA7 /* Sources */,
				C2AE3D5A1A975427002C3EA7 /* Frameworks */,
				C2AE3D5B1A975427002C3EA7 /* Resources */,
			);
			buildRules = (
			);
			dependencies = (
				C2AE3D5F1A975427002C3EA7 /* PBXTargetDependency */,
			);
			name = MKAlertViewTests;
			productName = MKAlertViewTests;
			productReference = C2AE3D5D1A975427002C3EA7 /* MKAlertViewTests.xctest */;
			productType = "com.apple.product-type.bundle.unit-test";
		};
/* End PBXNativeTarget section */

/* Begin PBXProject section */
		C2AE3D3C1A975426002C3EA7 /* Project object */ = {
			isa = PBXProject;
			attributes = {
				LastUpgradeCheck = 0610;
				ORGANIZATIONNAME = ManjuKiran;
				TargetAttributes = {
					C2AE3D431A975426002C3EA7 = {
						CreatedOnToolsVersion = 6.1.1;
					};
					C2AE3D5C1A975427002C3EA7 = {
						CreatedOnToolsVersion = 6.1.1;
						TestTargetID = C2AE3D431A975426002C3EA7;
					};
				};
			};
			buildConfigurationList = C2AE3D3F1A975426002C3EA7 /* Build configuration list for PBXProject "MKAlertView" */;
			compatibilityVersion = "Xcode 3.2";
			developmentRegion = English;
			hasScannedForEncodings = 0;
			knownRegions = (
				en,
				Base,
			);
			mainGroup = C2AE3D3B1A975426002C3EA7;
			productRefGroup = C2AE3D451A975426002C3EA7 /* Products */;
			projectDirPath = "";
			projectRoot = "";
			targets = (
				C2AE3D431A975426002C3EA7 /* MKAlertView */,
				C2AE3D5C1A975427002C3EA7 /* MKAlertViewTests */,
			);
		};
/* End PBXProject section */

/* Begin PBXResourcesBuildPhase section */
		C2AE3D421A975426002C3EA7 /* Resources */ = {
			isa = PBXResourcesBuildPhase;
			buildActionMask = 2147483647;
			files = (
				C2AE3D531A975426002C3EA7 /* Main.storyboard in Resources */,
				C2AE3D581A975426002C3EA7 /* LaunchScreen.xib in Resources */,
				C2AE3D551A975426002C3EA7 /* Images.xcassets in Resources */,
			);
			runOnlyForDeploymentPostprocessing = 0;
		};
		C2AE3D5B1A975427002C3EA7 /* Resources */ = {
			isa = PBXResourcesBuildPhase;
			buildActionMask = 2147483647;
			files = (
			);
			runOnlyForDeploymentPostprocessing = 0;
		};
/* End PBXResourcesBuildPhase section */

/* Begin PBXSourcesBuildPhase section */
		C2AE3D401A975426002C3EA7 /* Sources */ = {
			isa = PBXSourcesBuildPhase;
			buildActionMask = 2147483647;
			files = (
				C2AE3D501A975426002C3EA7 /* ViewController.m in Sources */,
				C2AE3D4D1A975426002C3EA7 /* AppDelegate.m in Sources */,
				C2AE3D4A1A975426002C3EA7 /* main.m in Sources */,
			);
			runOnlyForDeploymentPostprocessing = 0;
		};
		C2AE3D591A975427002C3EA7 /* Sources */ = {
			isa = PBXSourcesBuildPhase;
			buildActionMask = 2147483647;
			files = (
				C2AE3D641A975427002C3EA7 /* MKAlertViewTests.m in Sources */,
			);
			runOnlyForDeploymentPostprocessing = 0;
		};
/* End PBXSourcesBuildPhase section */

/* Begin PBXTargetDependency section */
		C2AE3D5F1A975427002C3EA7 /* PBXTargetDependency */ = {
			isa = PBXTargetDependency;
			target = C2AE3D431A975426002C3EA7 /* MKAlertView */;
			targetProxy = C2AE3D5E1A975427002C3EA7 /* PBXContainerItemProxy */;
		};
/* End PBXTargetDependency section */

/* Begin PBXVariantGroup section */
		C2AE3D511A975426002C3EA7 /* Main.storyboard */ = {
			isa = PBXVariantGroup;
			children = (
				C2AE3D521A975426002C3EA7 /* Base */,
			);
			name = Main.storyboard;
			sourceTree = "<group>";
		};
		C2AE3D561A975426002C3EA7 /* LaunchScreen.xib */ = {
			isa = PBXVariantGroup;
			children = (
				C2AE3D571A975426002C3EA7 /* Base */,
			);
			name = LaunchScreen.xib;
			sourceTree = "<group>";
		};
/* End PBXVariantGroup section */

/* Begin XCBuildConfiguration section */
		C2AE3D651A975427002C3EA7 /* Debug */ = {
			isa = XCBuildConfiguration;
			buildSettings = {
				ALWAYS_SEARCH_USER_PATHS = NO;
				CLANG_CXX_LANGUAGE_STANDARD = "gnu++0x";
				CLANG_CXX_LIBRARY = "libc++";
				CLANG_ENABLE_MODULES = YES;
				CLANG_ENABLE_OBJC_ARC = YES;
				CLANG_WARN_BOOL_CONVERSION = YES;
				CLANG_WARN_CONSTANT_CONVERSION = YES;
				CLANG_WARN_DIRECT_OBJC_ISA_USAGE = YES_ERROR;
				CLANG_WARN_EMPTY_BODY = YES;
				CLANG_WARN_ENUM_CONVERSION = YES;
				CLANG_WARN_INT_CONVERSION = YES;
				CLANG_WARN_OBJC_ROOT_CLASS = YES_ERROR;
				CLANG_WARN_UNREACHABLE_CODE = YES;
				CLANG_WARN__DUPLICATE_METHOD_MATCH = YES;
				"CODE_SIGN_IDENTITY[sdk=iphoneos*]" = "iPhone Developer";
				COPY_PHASE_STRIP = NO;
				ENABLE_STRICT_OBJC_MSGSEND = YES;
				GCC_C_LANGUAGE_STANDARD = gnu99;
				GCC_DYNAMIC_NO_PIC = NO;
				GCC_OPTIMIZATION_LEVEL = 0;
				GCC_PREPROCESSOR_DEFINITIONS = (
					"DEBUG=1",
					"$(inherited)",
				);
				GCC_SYMBOLS_PRIVATE_EXTERN = NO;
				GCC_WARN_64_TO_32_BIT_CONVERSION = YES;
				GCC_WARN_ABOUT_RETURN_TYPE = YES_ERROR;
				GCC_WARN_UNDECLARED_SELECTOR = YES;
				GCC_WARN_UNINITIALIZED_AUTOS = YES_AGGRESSIVE;
				GCC_WARN_UNUSED_FUNCTION = YES;
				GCC_WARN_UNUSED_VARIABLE = YES;
				IPHONEOS_DEPLOYMENT_TARGET = 8.1;
				MTL_ENABLE_DEBUG_INFO = YES;
				ONLY_ACTIVE_ARCH = YES;
				SDKROOT = iphoneos;
				TARGETED_DEVICE_FAMILY = "1,2";
			};
			name = Debug;
		};
		C2AE3D661A975427002C3EA7 /* Release */ = {
			isa = XCBuildConfiguration;
			buildSettings = {
				ALWAYS_SEARCH_USER_PATHS = NO;
				CLANG_CXX_LANGUAGE_STANDARD = "gnu++0x";
				CLANG_CXX_LIBRARY = "libc++";
				CLANG_ENABLE_MODULES = YES;
				CLANG_ENABLE_OBJC_ARC = YES;
				CLANG_WARN_BOOL_CONVERSION = YES;
				CLANG_WARN_CONSTANT_CONVERSION = YES;
				CLANG_WARN_DIRECT_OBJC_ISA_USAGE = YES_ERROR;
				CLANG_WARN_EMPTY_BODY = YES;
				CLANG_WARN_ENUM_CONVERSION = YES;
				CLANG_WARN_INT_CONVERSION = YES;
				CLANG_WARN_OBJC_ROOT_CLASS = YES_ERROR;
				CLANG_WARN_UNREACHABLE_CODE = YES;
				CLANG_WARN__DUPLICATE_METHOD_MATCH = YES;
				"CODE_SIGN_IDENTITY[sdk=iphoneos*]" = "iPhone Developer";
				COPY_PHASE_STRIP = YES;
				ENABLE_NS_ASSERTIONS = NO;
				ENABLE_STRICT_OBJC_MSGSEND = YES;
				GCC_C_LANGUAGE_STANDARD = gnu99;
				GCC_WARN_64_TO_32_BIT_CONVERSION = YES;
				GCC_WARN_ABOUT_RETURN_TYPE = YES_ERROR;
				GCC_WARN_UNDECLARED_SELECTOR = YES;
				GCC_WARN_UNINITIALIZED_AUTOS = YES_AGGRESSIVE;
				GCC_WARN_UNUSED_FUNCTION = YES;
				GCC_WARN_UNUSED_VARIABLE = YES;
				IPHONEOS_DEPLOYMENT_TARGET = 8.1;
				MTL_ENABLE_DEBUG_INFO = NO;
				SDKROOT = iphoneos;
				TARGETED_DEVICE_FAMILY = "1,2";
				VALIDATE_PRODUCT = YES;
			};
			name = Release;
		};
		C2AE3D681A975427002C3EA7 /* Debug */ = {
			isa = XCBuildConfiguration;
			buildSettings = {
				ASSETCATALOG_COMPILER_APPICON_NAME = AppIcon;
				INFOPLIST_FILE = MKAlertView/Info.plist;
				LD_RUNPATH_SEARCH_PATHS = "$(inherited) @executable_path/Frameworks";
				PRODUCT_NAME = "$(TARGET_NAME)";
			};
			name = Debug;
		};
		C2AE3D691A975427002C3EA7 /* Release */ = {
			isa = XCBuildConfiguration;
			buildSettings = {
				ASSETCATALOG_COMPILER_APPICON_NAME = AppIcon;
				INFOPLIST_FILE = MKAlertView/Info.plist;
				LD_RUNPATH_SEARCH_PATHS = "$(inherited) @executable_path/Frameworks";
				PRODUCT_NAME = "$(TARGET_NAME)";
			};
			name = Release;
		};
		C2AE3D6B1A975427002C3EA7 /* Debug */ = {
			isa = XCBuildConfiguration;
			buildSettings = {
				BUNDLE_LOADER = "$(TEST_HOST)";
				FRAMEWORK_SEARCH_PATHS = (
					"$(SDKROOT)/Developer/Library/Frameworks",
					"$(inherited)",
				);
				GCC_PREPROCESSOR_DEFINITIONS = (
					"DEBUG=1",
					"$(inherited)",
				);
				INFOPLIST_FILE = MKAlertViewTests/Info.plist;
				LD_RUNPATH_SEARCH_PATHS = "$(inherited) @executable_path/Frameworks @loader_path/Frameworks";
				PRODUCT_NAME = "$(TARGET_NAME)";
				TEST_HOST = "$(BUILT_PRODUCTS_DIR)/MKAlertView.app/MKAlertView";
			};
			name = Debug;
		};
		C2AE3D6C1A975427002C3EA7 /* Release */ = {
			isa = XCBuildConfiguration;
			buildSettings = {
				BUNDLE_LOADER = "$(TEST_HOST)";
				FRAMEWORK_SEARCH_PATHS = (
					"$(SDKROOT)/Developer/Library/Frameworks",
					"$(inherited)",
				);
				INFOPLIST_FILE = MKAlertViewTests/Info.plist;
				LD_RUNPATH_SEARCH_PATHS = "$(inherited) @executable_path/Frameworks @loader_path/Frameworks";
				PRODUCT_NAME = "$(TARGET_NAME)";
				TEST_HOST = "$(BUILT_PRODUCTS_DIR)/MKAlertView.app/MKAlertView";
			};
			name = Release;
		};
/* End XCBuildConfiguration section */

/* Begin XCConfigurationList section */
		C2AE3D3F1A975426002C3EA7 /* Build configuration list for PBXProject "MKAlertView" */ = {
			isa = XCConfigurationList;
			buildConfigurations = (
				C2AE3D651A975427002C3EA7 /* Debug */,
				C2AE3D661A975427002C3EA7 /* Release */,
			);
			defaultConfigurationIsVisible = 0;
			defaultConfigurationName = Release;
		};
		C2AE3D671A975427002C3EA7 /* Build configuration list for PBXNativeTarget "MKAlertView" */ = {
			isa = XCConfigurationList;
			buildConfigurations = (
				C2AE3D681A975427002C3EA7 /* Debug */,
				C2AE3D691A975427002C3EA7 /* Release */,
			);
			defaultConfigurationIsVisible = 0;
		};
		C2AE3D6A1A975427002C3EA7 /* Build configuration list for PBXNativeTarget "MKAlertViewTests" */ = {
			isa = XCConfigurationList;
			buildConfigurations = (
				C2AE3D6B1A975427002C3EA7 /* Debug */,
				C2AE3D6C1A975427002C3EA7 /* Release */,
			);
			defaultConfigurationIsVisible = 0;
		};
/* End XCConfigurationList section */
	};
	rootObject = C2AE3D3C1A975426002C3EA7 /* Project object */;
}
